<?xml version="1.0" encoding="utf-8"?>
<Project ToolsVersion="4.0" xmlns="http://schemas.microsoft.com/developer/msbuild/2003">
  <ItemGroup>
    <Filter Include="原始程式檔">
      <UniqueIdentifier>{4FC737F1-C7A5-4376-A066-2A32D752A2FF}</UniqueIdentifier>
      <Extensions>cpp;c;cc;cxx;def;odl;idl;hpj;bat;asm;asmx</Extensions>
    </Filter>
    <Filter Include="標頭檔">
      <UniqueIdentifier>{93995380-89BD-4b04-88EB-625FBE52EBFB}</UniqueIdentifier>
      <Extensions>h;hh;hpp;hxx;hm;inl;inc;xsd</Extensions>
    </Filter>
    <Filter Include="資源檔">
      <UniqueIdentifier>{67DA6AB6-F800-4c08-8B7A-83BB121AAD01}</UniqueIdentifier>
      <Extensions>rc;ico;cur;bmp;dlg;rc2;rct;bin;rgs;gif;jpg;jpeg;jpe;resx;tiff;tif;png;wav;mfcribbon-ms</Extensions>
    </Filter>
  </ItemGroup>
  <ItemGroup>
    <ClCompile Include="..\src\main\sensors\acceleration.c">
      <Filter>原始程式檔</Filter>
    </ClCompile>
    <ClCompile Include="..\src\main\drivers\accgyro_mpu.c">
      <Filter>原始程式檔</Filter>
    </ClCompile>
    <ClCompile Include="..\src\main\drivers\accgyro_mpu6050.c">
      <Filter>原始程式檔</Filter>
    </ClCompile>
    <ClCompile Include="..\src\main\drivers\adc.c">
      <Filter>原始程式檔</Filter>
    </ClCompile>
    <ClCompile Include="..\src\main\drivers\adc_stm32f30x.c">
      <Filter>原始程式檔</Filter>
    </ClCompile>
    <ClCompile Include="..\src\main\flight\altitudehold.c">
      <Filter>原始程式檔</Filter>
    </ClCompile>
    <ClCompile Include="..\src\main\sensors\amperage.c">
      <Filter>原始程式檔</Filter>
    </ClCompile>
    <ClCompile Include="..\src\main\io\asyncfatfs\asyncfatfs.c">
      <Filter>原始程式檔</Filter>
    </ClCompile>
    <ClCompile Include="..\src\main\sensors\barometer.c">
      <Filter>原始程式檔</Filter>
    </ClCompile>
    <ClCompile Include="..\src\main\drivers\barometer_ms5611.c">
      <Filter>原始程式檔</Filter>
    </ClCompile>
    <ClCompile Include="..\src\main\sensors\battery.c">
      <Filter>原始程式檔</Filter>
    </ClCompile>
    <ClCompile Include="..\src\main\io\beeper.c">
      <Filter>原始程式檔</Filter>
    </ClCompile>
    <ClCompile Include="..\src\main\blackbox\blackbox.c">
      <Filter>原始程式檔</Filter>
    </ClCompile>
    <ClCompile Include="..\src\main\blackbox\blackbox_io.c">
      <Filter>原始程式檔</Filter>
    </ClCompile>
    <ClCompile Include="..\src\main\sensors\boardalignment.c">
      <Filter>原始程式檔</Filter>
    </ClCompile>
    <ClCompile Include="..\src\main\fc\boot.c">
      <Filter>原始程式檔</Filter>
    </ClCompile>
    <ClCompile Include="..\src\main\osd\boot.c">
      <Filter>原始程式檔</Filter>
    </ClCompile>
    <ClCompile Include="..\src\main\drivers\buf_writer.c">
      <Filter>原始程式檔</Filter>
    </ClCompile>
    <ClCompile Include="..\src\main\build\build_config.c">
      <Filter>原始程式檔</Filter>
    </ClCompile>
    <ClCompile Include="..\src\main\drivers\bus_i2c_soft.c">
      <Filter>原始程式檔</Filter>
    </ClCompile>
    <ClCompile Include="..\src\main\drivers\bus_i2c_stm32f30x.c">
      <Filter>原始程式檔</Filter>
    </ClCompile>
    <ClCompile Include="..\src\main\drivers\bus_spi.c">
      <Filter>原始程式檔</Filter>
    </ClCompile>
    <ClCompile Include="..\src\main\fc\cleanflight_fc.c">
      <Filter>原始程式檔</Filter>
    </ClCompile>
    <ClCompile Include="..\src\main\osd\cleanflight_osd.c">
      <Filter>原始程式檔</Filter>
    </ClCompile>
    <ClCompile Include="..\src\main\common\colorconversion.c">
      <Filter>原始程式檔</Filter>
    </ClCompile>
    <ClCompile Include="..\src\main\sensors\compass.c">
      <Filter>原始程式檔</Filter>
    </ClCompile>
    <ClCompile Include="..\src\main\drivers\compass_hmc5883l.c">
      <Filter>原始程式檔</Filter>
    </ClCompile>
    <ClCompile Include="..\src\main\fc\config.c">
      <Filter>原始程式檔</Filter>
    </ClCompile>
    <ClCompile Include="..\src\main\osd\config.c">
      <Filter>原始程式檔</Filter>
    </ClCompile>
    <ClCompile Include="..\src\main\config\config_eeprom.c">
      <Filter>原始程式檔</Filter>
    </ClCompile>
    <ClCompile Include="..\src\main\config\config_streamer.c">
      <Filter>原始程式檔</Filter>
    </ClCompile>
    <ClCompile Include="..\src\main\common\crc.c">
      <Filter>原始程式檔</Filter>
    </ClCompile>
    <ClCompile Include="..\src\main\build\debug.c">
      <Filter>原始程式檔</Filter>
    </ClCompile>
    <ClCompile Include="..\src\main\io\display.c">
      <Filter>原始程式檔</Filter>
    </ClCompile>
    <ClCompile Include="..\src\main\drivers\dma.c">
      <Filter>原始程式檔</Filter>
    </ClCompile>
    <ClCompile Include="..\src\main\common\encoding.c">
      <Filter>原始程式檔</Filter>
    </ClCompile>
    <ClCompile Include="..\src\main\drivers\exti.c">
      <Filter>原始程式檔</Filter>
    </ClCompile>
    <ClCompile Include="..\src\main\flight\failsafe.c">
      <Filter>原始程式檔</Filter>
    </ClCompile>
    <ClCompile Include="..\src\main\io\asyncfatfs\fat_standard.c">
      <Filter>原始程式檔</Filter>
    </ClCompile>
    <ClCompile Include="..\src\main\fc\fc_debug.c">
      <Filter>原始程式檔</Filter>
    </ClCompile>
    <ClCompile Include="..\src\main\fc\fc_serial.c">
      <Filter>原始程式檔</Filter>
    </ClCompile>
    <ClCompile Include="..\src\main\osd\fc_state.c">
      <Filter>原始程式檔</Filter>
    </ClCompile>
    <ClCompile Include="..\src\main\fc\fc_tasks.c">
      <Filter>原始程式檔</Filter>
    </ClCompile>
    <ClCompile Include="..\src\main\config\feature.c">
      <Filter>原始程式檔</Filter>
    </ClCompile>
    <ClCompile Include="..\src\main\common\filter.c">
      <Filter>原始程式檔</Filter>
    </ClCompile>
    <ClCompile Include="..\src\main\drivers\flash_m25p16.c">
      <Filter>原始程式檔</Filter>
    </ClCompile>
    <ClCompile Include="..\src\main\io\flashfs.c">
      <Filter>原始程式檔</Filter>
    </ClCompile>
    <ClCompile Include="..\src\main\osd\fonts\font_max7456_12x18.c">
      <Filter>原始程式檔</Filter>
    </ClCompile>
    <ClCompile Include="..\src\main\telemetry\frsky.c">
      <Filter>原始程式檔</Filter>
    </ClCompile>
    <ClCompile Include="..\src\main\io\gimbal.c">
      <Filter>原始程式檔</Filter>
    </ClCompile>
    <ClCompile Include="..\src\main\drivers\gpio_stm32f30x.c">
      <Filter>原始程式檔</Filter>
    </ClCompile>
    <ClCompile Include="..\src\main\io\gps.c">
      <Filter>原始程式檔</Filter>
    </ClCompile>
    <ClCompile Include="..\src\main\flight\gps_conversion.c">
      <Filter>原始程式檔</Filter>
    </ClCompile>
    <ClCompile Include="..\src\main\flight\gtune.c">
      <Filter>原始程式檔</Filter>
    </ClCompile>
    <ClCompile Include="..\src\main\sensors\gyro.c">
      <Filter>原始程式檔</Filter>
    </ClCompile>
    <ClCompile Include="..\src\main\drivers\gyro_sync.c">
      <Filter>原始程式檔</Filter>
    </ClCompile>
    <ClCompile Include="..\src\main\telemetry\hott.c">
      <Filter>原始程式檔</Filter>
    </ClCompile>
    <ClCompile Include="..\src\main\vcp\hw_config.c">
      <Filter>原始程式檔</Filter>
    </ClCompile>
    <ClCompile Include="..\src\main\rx\ibus.c">
      <Filter>原始程式檔</Filter>
    </ClCompile>
    <ClCompile Include="..\src\main\telemetry\ibus.c">
      <Filter>原始程式檔</Filter>
    </ClCompile>
    <ClCompile Include="..\src\main\flight\imu.c">
      <Filter>原始程式檔</Filter>
    </ClCompile>
    <ClCompile Include="..\src\main\sensors\initialisation.c">
      <Filter>原始程式檔</Filter>
    </ClCompile>
    <ClCompile Include="..\src\main\drivers\inverter.c">
      <Filter>原始程式檔</Filter>
    </ClCompile>
    <ClCompile Include="..\src\main\drivers\io.c">
      <Filter>原始程式檔</Filter>
    </ClCompile>
    <ClCompile Include="..\src\main\io\ledstrip.c">
      <Filter>原始程式檔</Filter>
    </ClCompile>
    <ClCompile Include="..\src\main\drivers\light_led_stm32f30x.c">
      <Filter>原始程式檔</Filter>
    </ClCompile>
    <ClCompile Include="..\src\main\drivers\light_ws2811strip.c">
      <Filter>原始程式檔</Filter>
    </ClCompile>
    <ClCompile Include="..\src\main\drivers\light_ws2811strip_stm32f30x.c">
      <Filter>原始程式檔</Filter>
    </ClCompile>
    <ClCompile Include="..\src\main\telemetry\ltm.c">
      <Filter>原始程式檔</Filter>
    </ClCompile>
    <ClCompile Include="..\src\main\common\maths.c">
      <Filter>原始程式檔</Filter>
    </ClCompile>
    <ClCompile Include="..\src\main\telemetry\mavlink.c">
      <Filter>原始程式檔</Filter>
    </ClCompile>
    <ClCompile Include="..\src\main\flight\mixer.c">
      <Filter>原始程式檔</Filter>
    </ClCompile>
    <ClCompile Include="..\src\main\io\motors.c">
      <Filter>原始程式檔</Filter>
    </ClCompile>
    <ClCompile Include="..\src\main\msp\msp.c">
      <Filter>原始程式檔</Filter>
    </ClCompile>
    <ClCompile Include="..\src\main\rx\msp.c">
      <Filter>原始程式檔</Filter>
    </ClCompile>
    <ClCompile Include="..\src\main\osd\msp_client_osd.c">
      <Filter>原始程式檔</Filter>
    </ClCompile>
    <ClCompile Include="..\src\main\msp\msp_serial.c">
      <Filter>原始程式檔</Filter>
    </ClCompile>
    <ClCompile Include="..\src\main\msp\msp_server.c">
      <Filter>原始程式檔</Filter>
    </ClCompile>
    <ClCompile Include="..\src\main\fc\msp_server_fc.c">
      <Filter>原始程式檔</Filter>
    </ClCompile>
    <ClCompile Include="..\src\main\osd\msp_server_osd.c">
      <Filter>原始程式檔</Filter>
    </ClCompile>
    <ClCompile Include="..\src\main\flight\navigation.c">
      <Filter>原始程式檔</Filter>
    </ClCompile>
    <ClCompile Include="..\src\main\osd\osd.c">
      <Filter>原始程式檔</Filter>
    </ClCompile>
    <ClCompile Include="..\src\main\osd\osd_element.c">
      <Filter>原始程式檔</Filter>
    </ClCompile>
    <ClCompile Include="..\src\main\osd\osd_element_render.c">
      <Filter>原始程式檔</Filter>
    </ClCompile>
    <ClCompile Include="..\src\main\osd\osd_max7456.c">
      <Filter>原始程式檔</Filter>
    </ClCompile>
    <ClCompile Include="..\src\main\osd\osd_screen.c">
      <Filter>原始程式檔</Filter>
    </ClCompile>
    <ClCompile Include="..\src\main\osd\osd_serial.c">
      <Filter>原始程式檔</Filter>
    </ClCompile>
    <ClCompile Include="..\src\main\osd\osd_tasks.c">
      <Filter>原始程式檔</Filter>
    </ClCompile>
    <ClCompile Include="..\src\main\config\parameter_group.c">
      <Filter>原始程式檔</Filter>
    </ClCompile>
    <ClCompile Include="..\src\main\flight\pid.c">
      <Filter>原始程式檔</Filter>
    </ClCompile>
    <ClCompile Include="..\src\main\flight\pid_luxfloat.c">
      <Filter>原始程式檔</Filter>
    </ClCompile>
    <ClCompile Include="..\src\main\flight\pid_mw23.c">
      <Filter>原始程式檔</Filter>
    </ClCompile>
    <ClCompile Include="..\src\main\flight\pid_mwrewrite.c">
      <Filter>原始程式檔</Filter>
    </ClCompile>
    <ClCompile Include="..\src\main\common\pilot.c">
      <Filter>原始程式檔</Filter>
    </ClCompile>
    <ClCompile Include="..\src\main\common\printf.c">
      <Filter>原始程式檔</Filter>
    </ClCompile>
    <ClCompile Include="..\src\main\config\profile.c">
      <Filter>原始程式檔</Filter>
    </ClCompile>
    <ClCompile Include="..\src\main\rx\pwm.c">
      <Filter>原始程式檔</Filter>
    </ClCompile>
    <ClCompile Include="..\src\main\drivers\pwm_mapping.c">
      <Filter>原始程式檔</Filter>
    </ClCompile>
    <ClCompile Include="..\src\main\drivers\pwm_output.c">
      <Filter>原始程式檔</Filter>
    </ClCompile>
    <ClCompile Include="..\src\main\drivers\pwm_rx.c">
      <Filter>原始程式檔</Filter>
    </ClCompile>
    <ClCompile Include="..\src\main\fc\rate_profile.c">
      <Filter>原始程式檔</Filter>
    </ClCompile>
    <ClCompile Include="..\src\main\fc\rc_adjustments.c">
      <Filter>原始程式檔</Filter>
    </ClCompile>
    <ClCompile Include="..\src\main\fc\rc_controls.c">
      <Filter>原始程式檔</Filter>
    </ClCompile>
    <ClCompile Include="..\src\main\fc\rc_curves.c">
      <Filter>原始程式檔</Filter>
    </ClCompile>
    <ClCompile Include="..\src\main\drivers\rcc.c">
      <Filter>原始程式檔</Filter>
    </ClCompile>
    <ClCompile Include="..\src\main\fc\runtime_config.c">
      <Filter>原始程式檔</Filter>
    </ClCompile>
    <ClCompile Include="..\src\main\rx\rx.c">
      <Filter>原始程式檔</Filter>
    </ClCompile>
    <ClCompile Include="..\src\main\rx\sbus.c">
      <Filter>原始程式檔</Filter>
    </ClCompile>
    <ClCompile Include="..\src\main\scheduler\scheduler.c">
      <Filter>原始程式檔</Filter>
    </ClCompile>
    <ClCompile Include="..\src\main\drivers\sdcard.c">
      <Filter>原始程式檔</Filter>
    </ClCompile>
    <ClCompile Include="..\src\main\drivers\sdcard_standard.c">
      <Filter>原始程式檔</Filter>
    </ClCompile>
    <ClCompile Include="..\src\main\sensors\sensors.c">
      <Filter>原始程式檔</Filter>
    </ClCompile>
    <ClCompile Include="..\src\main\drivers\serial.c">
      <Filter>原始程式檔</Filter>
    </ClCompile>
    <ClCompile Include="..\src\main\io\serial.c">
      <Filter>原始程式檔</Filter>
    </ClCompile>
    <ClCompile Include="..\src\main\io\serial_4way.c">
      <Filter>原始程式檔</Filter>
    </ClCompile>
    <ClCompile Include="..\src\main\io\serial_4way_avrootloader.c">
      <Filter>原始程式檔</Filter>
    </ClCompile>
    <ClCompile Include="..\src\main\io\serial_4way_stk500v2.c">
      <Filter>原始程式檔</Filter>
    </ClCompile>
    <ClCompile Include="..\src\main\io\serial_cli.c">
      <Filter>原始程式檔</Filter>
    </ClCompile>
    <ClCompile Include="..\src\main\drivers\serial_softserial.c">
      <Filter>原始程式檔</Filter>
    </ClCompile>
    <ClCompile Include="..\src\main\drivers\serial_uart.c">
      <Filter>原始程式檔</Filter>
    </ClCompile>
    <ClCompile Include="..\src\main\drivers\serial_uart_stm32f30x.c">
      <Filter>原始程式檔</Filter>
    </ClCompile>
    <ClCompile Include="..\src\main\drivers\serial_usb_vcp.c">
      <Filter>原始程式檔</Filter>
    </ClCompile>
    <ClCompile Include="..\src\main\flight\servos.c">
      <Filter>原始程式檔</Filter>
    </ClCompile>
    <ClCompile Include="..\src\main\io\servos.c">
      <Filter>原始程式檔</Filter>
    </ClCompile>
    <ClCompile Include="..\src\main\telemetry\smartport.c">
      <Filter>原始程式檔</Filter>
    </ClCompile>
    <ClCompile Include="..\src\main\sensors\sonar.c">
      <Filter>原始程式檔</Filter>
    </ClCompile>
    <ClCompile Include="..\src\main\drivers\sound_beeper.c">
      <Filter>原始程式檔</Filter>
    </ClCompile>
    <ClCompile Include="..\src\main\drivers\sound_beeper_stm32f30x.c">
      <Filter>原始程式檔</Filter>
    </ClCompile>
    <ClCompile Include="..\src\main\rx\spektrum.c">
      <Filter>原始程式檔</Filter>
    </ClCompile>
    <ClCompile Include="..\src\main\rx\srxl.c">
      <Filter>原始程式檔</Filter>
    </ClCompile>
    <ClCompile Include="..\src\main\io\statusindicator.c">
      <Filter>原始程式檔</Filter>
    </ClCompile>
    <ClCompile Include="..\src\main\vcp\stm32_it.c">
      <Filter>原始程式檔</Filter>
    </ClCompile>
    <ClCompile Include="..\src\main\common\streambuf.c">
      <Filter>原始程式檔</Filter>
    </ClCompile>
    <ClCompile Include="..\src\main\rx\sumd.c">
      <Filter>原始程式檔</Filter>
    </ClCompile>
    <ClCompile Include="..\src\main\rx\sumh.c">
      <Filter>原始程式檔</Filter>
    </ClCompile>
    <ClCompile Include="..\src\main\drivers\system.c">
      <Filter>原始程式檔</Filter>
    </ClCompile>
    <ClCompile Include="..\src\main\drivers\system_stm32f30x.c">
      <Filter>原始程式檔</Filter>
    </ClCompile>
    <ClCompile Include="..\src\main\target\system_stm32f30x.c">
      <Filter>原始程式檔</Filter>
    </ClCompile>
    <ClCompile Include="..\src\main\telemetry\telemetry.c">
      <Filter>原始程式檔</Filter>
    </ClCompile>
    <ClCompile Include="..\src\main\drivers\timer.c">
      <Filter>原始程式檔</Filter>
    </ClCompile>
    <ClCompile Include="..\src\main\drivers\timer_stm32f30x.c">
      <Filter>原始程式檔</Filter>
    </ClCompile>
    <ClCompile Include="..\src\main\drivers\transponder_ir.c">
      <Filter>原始程式檔</Filter>
    </ClCompile>
    <ClCompile Include="..\src\main\io\transponder_ir.c">
      <Filter>原始程式檔</Filter>
    </ClCompile>
    <ClCompile Include="..\src\main\drivers\transponder_ir_stm32f30x.c">
      <Filter>原始程式檔</Filter>
    </ClCompile>
    <ClCompile Include="..\src\main\common\typeconversion.c">
      <Filter>原始程式檔</Filter>
    </ClCompile>
    <ClCompile Include="..\src\main\vcp\usb_desc.c">
      <Filter>原始程式檔</Filter>
    </ClCompile>
    <ClCompile Include="..\src\main\vcp\usb_endp.c">
      <Filter>原始程式檔</Filter>
    </ClCompile>
    <ClCompile Include="..\src\main\drivers\usb_io.c">
      <Filter>原始程式檔</Filter>
    </ClCompile>
    <ClCompile Include="..\src\main\vcp\usb_istr.c">
      <Filter>原始程式檔</Filter>
    </ClCompile>
    <ClCompile Include="..\src\main\vcp\usb_prop.c">
      <Filter>原始程式檔</Filter>
    </ClCompile>
    <ClCompile Include="..\src\main\vcp\usb_pwr.c">
      <Filter>原始程式檔</Filter>
    </ClCompile>
    <ClCompile Include="..\src\main\build\version.c">
      <Filter>原始程式檔</Filter>
    </ClCompile>
    <ClCompile Include="..\src\main\sensors\voltage.c">
      <Filter>原始程式檔</Filter>
    </ClCompile>
    <ClCompile Include="..\src\main\rx\xbus.c">
      <Filter>原始程式檔</Filter>
    </ClCompile>
  </ItemGroup>
  <ItemGroup>
    <ClInclude Include="..\src\main\drivers\accgyro.h">
      <Filter>標頭檔</Filter>
    </ClInclude>
    <ClInclude Include="..\src\main\drivers\accgyro_mpu.h">
      <Filter>標頭檔</Filter>
    </ClInclude>
    <ClInclude Include="..\src\main\drivers\accgyro_mpu6050.h">
      <Filter>標頭檔</Filter>
    </ClInclude>
    <ClInclude Include="..\src\main\drivers\adc.h">
      <Filter>標頭檔</Filter>
    </ClInclude>
    <ClInclude Include="..\src\main\drivers\adc_impl.h">
      <Filter>標頭檔</Filter>
    </ClInclude>
    <ClInclude Include="..\src\main\flight\altitudehold.h">
      <Filter>標頭檔</Filter>
    </ClInclude>
    <ClInclude Include="..\src\main\sensors\amperage.h">
      <Filter>標頭檔</Filter>
    </ClInclude>
    <ClInclude Include="..\src\main\io\asyncfatfs\asyncfatfs.h">
      <Filter>標頭檔</Filter>
    </ClInclude>
    <ClInclude Include="..\src\main\build\atomic.h">
      <Filter>標頭檔</Filter>
    </ClInclude>
    <ClInclude Include="..\src\main\common\axis.h">
      <Filter>標頭檔</Filter>
    </ClInclude>
    <ClInclude Include="..\src\main\drivers\barometer.h">
      <Filter>標頭檔</Filter>
    </ClInclude>
    <ClInclude Include="..\src\main\sensors\barometer.h">
      <Filter>標頭檔</Filter>
    </ClInclude>
    <ClInclude Include="..\src\main\drivers\barometer_ms5611.h">
      <Filter>標頭檔</Filter>
    </ClInclude>
    <ClInclude Include="..\src\main\sensors\battery.h">
      <Filter>標頭檔</Filter>
    </ClInclude>
    <ClInclude Include="..\src\main\io\beeper.h">
      <Filter>標頭檔</Filter>
    </ClInclude>
    <ClInclude Include="..\src\main\blackbox\blackbox.h">
      <Filter>標頭檔</Filter>
    </ClInclude>
    <ClInclude Include="..\src\main\blackbox\blackbox_fielddefs.h">
      <Filter>標頭檔</Filter>
    </ClInclude>
    <ClInclude Include="..\src\main\blackbox\blackbox_io.h">
      <Filter>標頭檔</Filter>
    </ClInclude>
    <ClInclude Include="..\src\main\sensors\boardalignment.h">
      <Filter>標頭檔</Filter>
    </ClInclude>
    <ClInclude Include="..\src\main\drivers\buf_writer.h">
      <Filter>標頭檔</Filter>
    </ClInclude>
    <ClInclude Include="..\src\main\build\build_config.h">
      <Filter>標頭檔</Filter>
    </ClInclude>
    <ClInclude Include="..\src\main\drivers\bus_i2c.h">
      <Filter>標頭檔</Filter>
    </ClInclude>
    <ClInclude Include="..\src\main\drivers\bus_spi.h">
      <Filter>標頭檔</Filter>
    </ClInclude>
    <ClInclude Include="..\src\main\fc\cleanflight_fc.h">
      <Filter>標頭檔</Filter>
    </ClInclude>
    <ClInclude Include="..\src\main\osd\cleanflight_osd.h">
      <Filter>標頭檔</Filter>
    </ClInclude>
    <ClInclude Include="..\src\main\common\color.h">
      <Filter>標頭檔</Filter>
    </ClInclude>
    <ClInclude Include="..\src\main\common\colorconversion.h">
      <Filter>標頭檔</Filter>
    </ClInclude>
    <ClInclude Include="..\src\main\drivers\compass.h">
      <Filter>標頭檔</Filter>
    </ClInclude>
    <ClInclude Include="..\src\main\sensors\compass.h">
      <Filter>標頭檔</Filter>
    </ClInclude>
    <ClInclude Include="..\src\main\drivers\compass_hmc5883l.h">
      <Filter>標頭檔</Filter>
    </ClInclude>
    <ClInclude Include="..\src\main\fc\config.h">
      <Filter>標頭檔</Filter>
    </ClInclude>
    <ClInclude Include="..\src\main\osd\config.h">
      <Filter>標頭檔</Filter>
    </ClInclude>
    <ClInclude Include="..\src\main\config\config_eeprom.h">
      <Filter>標頭檔</Filter>
    </ClInclude>
    <ClInclude Include="..\src\main\config\config_reset.h">
      <Filter>標頭檔</Filter>
    </ClInclude>
    <ClInclude Include="..\src\main\config\config_streamer.h">
      <Filter>標頭檔</Filter>
    </ClInclude>
    <ClInclude Include="..\src\main\config\config_system.h">
      <Filter>標頭檔</Filter>
    </ClInclude>
    <ClInclude Include="..\src\main\config\config_unittest.h">
      <Filter>標頭檔</Filter>
    </ClInclude>
    <ClInclude Include="..\src\main\common\crc.h">
      <Filter>標頭檔</Filter>
    </ClInclude>
    <ClInclude Include="..\src\main\build\debug.h">
      <Filter>標頭檔</Filter>
    </ClInclude>
    <ClInclude Include="..\src\main\io\display.h">
      <Filter>標頭檔</Filter>
    </ClInclude>
    <ClInclude Include="..\src\main\drivers\dma.h">
      <Filter>標頭檔</Filter>
    </ClInclude>
    <ClInclude Include="..\src\main\common\encoding.h">
      <Filter>標頭檔</Filter>
    </ClInclude>
    <ClInclude Include="..\src\main\drivers\exti.h">
      <Filter>標頭檔</Filter>
    </ClInclude>
    <ClInclude Include="..\src\main\flight\failsafe.h">
      <Filter>標頭檔</Filter>
    </ClInclude>
    <ClInclude Include="..\src\main\io\asyncfatfs\fat_standard.h">
      <Filter>標頭檔</Filter>
    </ClInclude>
    <ClInclude Include="..\src\main\fc\fc_debug.h">
      <Filter>標頭檔</Filter>
    </ClInclude>
    <ClInclude Include="..\src\main\fc\fc_serial.h">
      <Filter>標頭檔</Filter>
    </ClInclude>
    <ClInclude Include="..\src\main\osd\fc_state.h">
      <Filter>標頭檔</Filter>
    </ClInclude>
    <ClInclude Include="..\src\main\fc\fc_tasks.h">
      <Filter>標頭檔</Filter>
    </ClInclude>
    <ClInclude Include="..\src\main\config\feature.h">
      <Filter>標頭檔</Filter>
    </ClInclude>
    <ClInclude Include="..\src\main\common\filter.h">
      <Filter>標頭檔</Filter>
    </ClInclude>
    <ClInclude Include="..\src\main\drivers\flash.h">
      <Filter>標頭檔</Filter>
    </ClInclude>
    <ClInclude Include="..\src\main\drivers\flash_m25p16.h">
      <Filter>標頭檔</Filter>
    </ClInclude>
    <ClInclude Include="..\src\main\io\flashfs.h">
      <Filter>標頭檔</Filter>
    </ClInclude>
    <ClInclude Include="..\src\main\osd\fonts\font.h">
      <Filter>標頭檔</Filter>
    </ClInclude>
    <ClInclude Include="..\src\main\osd\fonts\font_max7456_12x18.h">
      <Filter>標頭檔</Filter>
    </ClInclude>
    <ClInclude Include="..\src\main\telemetry\frsky.h">
      <Filter>標頭檔</Filter>
    </ClInclude>
    <ClInclude Include="..\src\main\io\gimbal.h">
      <Filter>標頭檔</Filter>
    </ClInclude>
    <ClInclude Include="..\src\main\drivers\gpio.h">
      <Filter>標頭檔</Filter>
    </ClInclude>
    <ClInclude Include="..\src\main\io\gps.h">
      <Filter>標頭檔</Filter>
    </ClInclude>
    <ClInclude Include="..\src\main\flight\gps_conversion.h">
      <Filter>標頭檔</Filter>
    </ClInclude>
    <ClInclude Include="..\src\main\flight\gtune.h">
      <Filter>標頭檔</Filter>
    </ClInclude>
    <ClInclude Include="..\src\main\sensors\gyro.h">
      <Filter>標頭檔</Filter>
    </ClInclude>
    <ClInclude Include="..\src\main\drivers\gyro_sync.h">
      <Filter>標頭檔</Filter>
    </ClInclude>
    <ClInclude Include="..\src\main\telemetry\hott.h">
      <Filter>標頭檔</Filter>
    </ClInclude>
    <ClInclude Include="..\src\main\vcp\hw_config.h">
      <Filter>標頭檔</Filter>
    </ClInclude>
    <ClInclude Include="..\src\main\rx\ibus.h">
      <Filter>標頭檔</Filter>
    </ClInclude>
    <ClInclude Include="..\src\main\telemetry\ibus.h">
      <Filter>標頭檔</Filter>
    </ClInclude>
    <ClInclude Include="..\src\main\flight\imu.h">
      <Filter>標頭檔</Filter>
    </ClInclude>
    <ClInclude Include="..\src\main\sensors\initialisation.h">
      <Filter>標頭檔</Filter>
    </ClInclude>
    <ClInclude Include="..\src\main\drivers\inverter.h">
      <Filter>標頭檔</Filter>
    </ClInclude>
    <ClInclude Include="..\src\main\drivers\io.h">
      <Filter>標頭檔</Filter>
    </ClInclude>
    <ClInclude Include="..\src\main\drivers\io_def.h">
      <Filter>標頭檔</Filter>
    </ClInclude>
    <ClInclude Include="..\src\main\drivers\io_def_generated.h">
      <Filter>標頭檔</Filter>
    </ClInclude>
    <ClInclude Include="..\src\main\drivers\io_impl.h">
      <Filter>標頭檔</Filter>
    </ClInclude>
    <ClInclude Include="..\src\main\io\ledstrip.h">
      <Filter>標頭檔</Filter>
    </ClInclude>
    <ClInclude Include="..\src\main\drivers\light_led.h">
      <Filter>標頭檔</Filter>
    </ClInclude>
    <ClInclude Include="..\src\main\drivers\light_ws2811strip.h">
      <Filter>標頭檔</Filter>
    </ClInclude>
    <ClInclude Include="..\src\main\telemetry\ltm.h">
      <Filter>標頭檔</Filter>
    </ClInclude>
    <ClInclude Include="..\src\main\common\maths.h">
      <Filter>標頭檔</Filter>
    </ClInclude>
    <ClInclude Include="..\src\main\telemetry\mavlink.h">
      <Filter>標頭檔</Filter>
    </ClInclude>
    <ClInclude Include="..\src\main\flight\mixer.h">
      <Filter>標頭檔</Filter>
    </ClInclude>
    <ClInclude Include="..\src\main\io\motors.h">
      <Filter>標頭檔</Filter>
    </ClInclude>
    <ClInclude Include="..\src\main\msp\msp.h">
      <Filter>標頭檔</Filter>
    </ClInclude>
    <ClInclude Include="..\src\main\rx\msp.h">
      <Filter>標頭檔</Filter>
    </ClInclude>
    <ClInclude Include="..\src\main\osd\msp_client_osd.h">
      <Filter>標頭檔</Filter>
    </ClInclude>
    <ClInclude Include="..\src\main\msp\msp_protocol.h">
      <Filter>標頭檔</Filter>
    </ClInclude>
    <ClInclude Include="..\src\main\msp\msp_serial.h">
      <Filter>標頭檔</Filter>
    </ClInclude>
    <ClInclude Include="..\src\main\msp\msp_server.h">
      <Filter>標頭檔</Filter>
    </ClInclude>
    <ClInclude Include="..\src\main\fc\msp_server_fc.h">
      <Filter>標頭檔</Filter>
    </ClInclude>
    <ClInclude Include="..\src\main\osd\msp_server_osd.h">
      <Filter>標頭檔</Filter>
    </ClInclude>
    <ClInclude Include="..\src\main\flight\navigation.h">
      <Filter>標頭檔</Filter>
    </ClInclude>
    <ClInclude Include="..\src\main\drivers\nvic.h">
      <Filter>標頭檔</Filter>
    </ClInclude>
    <ClInclude Include="..\src\main\osd\osd.h">
      <Filter>標頭檔</Filter>
    </ClInclude>
    <ClInclude Include="..\src\main\osd\osd_element.h">
      <Filter>標頭檔</Filter>
    </ClInclude>
    <ClInclude Include="..\src\main\osd\osd_element_render.h">
      <Filter>標頭檔</Filter>
    </ClInclude>
    <ClInclude Include="..\src\main\osd\osd_screen.h">
      <Filter>標頭檔</Filter>
    </ClInclude>
    <ClInclude Include="..\src\main\osd\osd_serial.h">
      <Filter>標頭檔</Filter>
    </ClInclude>
    <ClInclude Include="..\src\main\osd\osd_tasks.h">
      <Filter>標頭檔</Filter>
    </ClInclude>
    <ClInclude Include="..\src\main\config\parameter_group.h">
      <Filter>標頭檔</Filter>
    </ClInclude>
    <ClInclude Include="..\src\main\config\parameter_group_ids.h">
      <Filter>標頭檔</Filter>
    </ClInclude>
    <ClInclude Include="..\src\main\flight\pid.h">
      <Filter>標頭檔</Filter>
    </ClInclude>
    <ClInclude Include="..\src\main\common\pilot.h">
      <Filter>標頭檔</Filter>
    </ClInclude>
    <ClInclude Include="..\src\main\platform.h">
      <Filter>標頭檔</Filter>
    </ClInclude>
    <ClInclude Include="..\src\main\vcp\platform_config.h">
      <Filter>標頭檔</Filter>
    </ClInclude>
    <ClInclude Include="..\src\main\common\printf.h">
      <Filter>標頭檔</Filter>
    </ClInclude>
    <ClInclude Include="..\src\main\config\profile.h">
      <Filter>標頭檔</Filter>
    </ClInclude>
    <ClInclude Include="..\src\main\rx\pwm.h">
      <Filter>標頭檔</Filter>
    </ClInclude>
    <ClInclude Include="..\src\main\drivers\pwm_mapping.h">
      <Filter>標頭檔</Filter>
    </ClInclude>
    <ClInclude Include="..\src\main\drivers\pwm_output.h">
      <Filter>標頭檔</Filter>
    </ClInclude>
    <ClInclude Include="..\src\main\drivers\pwm_rx.h">
      <Filter>標頭檔</Filter>
    </ClInclude>
    <ClInclude Include="..\src\main\fc\rate_profile.h">
      <Filter>標頭檔</Filter>
    </ClInclude>
    <ClInclude Include="..\src\main\fc\rc_adjustments.h">
      <Filter>標頭檔</Filter>
    </ClInclude>
    <ClInclude Include="..\src\main\fc\rc_controls.h">
      <Filter>標頭檔</Filter>
    </ClInclude>
    <ClInclude Include="..\src\main\fc\rc_curves.h">
      <Filter>標頭檔</Filter>
    </ClInclude>
    <ClInclude Include="..\src\main\drivers\rcc.h">
      <Filter>標頭檔</Filter>
    </ClInclude>
    <ClInclude Include="..\src\main\drivers\resource.h">
      <Filter>標頭檔</Filter>
    </ClInclude>
    <ClInclude Include="..\src\main\fc\runtime_config.h">
      <Filter>標頭檔</Filter>
    </ClInclude>
    <ClInclude Include="..\src\main\rx\rx.h">
      <Filter>標頭檔</Filter>
    </ClInclude>
    <ClInclude Include="..\src\main\rx\sbus.h">
      <Filter>標頭檔</Filter>
    </ClInclude>
    <ClInclude Include="..\src\main\scheduler\scheduler.h">
      <Filter>標頭檔</Filter>
    </ClInclude>
    <ClInclude Include="..\src\main\drivers\sdcard.h">
      <Filter>標頭檔</Filter>
    </ClInclude>
    <ClInclude Include="..\src\main\drivers\sdcard_standard.h">
      <Filter>標頭檔</Filter>
    </ClInclude>
    <ClInclude Include="..\src\main\drivers\sensor.h">
      <Filter>標頭檔</Filter>
    </ClInclude>
    <ClInclude Include="..\src\main\sensors\sensors.h">
      <Filter>標頭檔</Filter>
    </ClInclude>
    <ClInclude Include="..\src\main\drivers\serial.h">
      <Filter>標頭檔</Filter>
    </ClInclude>
    <ClInclude Include="..\src\main\io\serial.h">
      <Filter>標頭檔</Filter>
    </ClInclude>
    <ClInclude Include="..\src\main\io\serial_4way.h">
      <Filter>標頭檔</Filter>
    </ClInclude>
    <ClInclude Include="..\src\main\io\serial_4way_avrootloader.h">
      <Filter>標頭檔</Filter>
    </ClInclude>
    <ClInclude Include="..\src\main\io\serial_4way_impl.h">
      <Filter>標頭檔</Filter>
    </ClInclude>
    <ClInclude Include="..\src\main\io\serial_4way_stk500v2.h">
      <Filter>標頭檔</Filter>
    </ClInclude>
    <ClInclude Include="..\src\main\io\serial_cli.h">
      <Filter>標頭檔</Filter>
    </ClInclude>
    <ClInclude Include="..\src\main\drivers\serial_softserial.h">
      <Filter>標頭檔</Filter>
    </ClInclude>
    <ClInclude Include="..\src\main\drivers\serial_uart.h">
      <Filter>標頭檔</Filter>
    </ClInclude>
    <ClInclude Include="..\src\main\drivers\serial_uart_impl.h">
      <Filter>標頭檔</Filter>
    </ClInclude>
    <ClInclude Include="..\src\main\drivers\serial_uart_stm32f30x.h">
      <Filter>標頭檔</Filter>
    </ClInclude>
    <ClInclude Include="..\src\main\drivers\serial_usb_vcp.h">
      <Filter>標頭檔</Filter>
    </ClInclude>
    <ClInclude Include="..\src\main\flight\servos.h">
      <Filter>標頭檔</Filter>
    </ClInclude>
    <ClInclude Include="..\src\main\io\servos.h">
      <Filter>標頭檔</Filter>
    </ClInclude>
    <ClInclude Include="..\src\main\telemetry\smartport.h">
      <Filter>標頭檔</Filter>
    </ClInclude>
    <ClInclude Include="..\src\main\sensors\sonar.h">
      <Filter>標頭檔</Filter>
    </ClInclude>
    <ClInclude Include="..\src\main\drivers\sound_beeper.h">
      <Filter>標頭檔</Filter>
    </ClInclude>
    <ClInclude Include="..\src\main\rx\spektrum.h">
      <Filter>標頭檔</Filter>
    </ClInclude>
    <ClInclude Include="..\src\main\rx\srxl.h">
      <Filter>標頭檔</Filter>
    </ClInclude>
    <ClInclude Include="..\src\main\io\statusindicator.h">
      <Filter>標頭檔</Filter>
    </ClInclude>
    <ClInclude Include="..\src\main\vcp\stm32_it.h">
      <Filter>標頭檔</Filter>
    </ClInclude>
    <ClInclude Include="..\src\main\common\streambuf.h">
      <Filter>標頭檔</Filter>
    </ClInclude>
    <ClInclude Include="..\src\main\rx\sumd.h">
      <Filter>標頭檔</Filter>
    </ClInclude>
    <ClInclude Include="..\src\main\rx\sumh.h">
      <Filter>標頭檔</Filter>
    </ClInclude>
    <ClInclude Include="..\src\main\drivers\system.h">
      <Filter>標頭檔</Filter>
    </ClInclude>
    <ClInclude Include="..\src\main\target\system_stm32f30x.h">
      <Filter>標頭檔</Filter>
    </ClInclude>
    <ClInclude Include="..\src\main\target\SPRACINGF3\target.h">
      <Filter>標頭檔</Filter>
    </ClInclude>
    <ClInclude Include="..\src\main\telemetry\telemetry.h">
      <Filter>標頭檔</Filter>
    </ClInclude>
    <ClInclude Include="..\src\main\common\time.h">
      <Filter>標頭檔</Filter>
    </ClInclude>
    <ClInclude Include="..\src\main\drivers\timer.h">
      <Filter>標頭檔</Filter>
    </ClInclude>
    <ClInclude Include="..\src\main\drivers\timer_impl.h">
      <Filter>標頭檔</Filter>
    </ClInclude>
    <ClInclude Include="..\src\main\drivers\timer_stm32f30x.h">
      <Filter>標頭檔</Filter>
    </ClInclude>
    <ClInclude Include="..\src\main\drivers\transponder_ir.h">
      <Filter>標頭檔</Filter>
    </ClInclude>
    <ClInclude Include="..\src\main\io\transponder_ir.h">
      <Filter>標頭檔</Filter>
    </ClInclude>
    <ClInclude Include="..\src\main\common\typeconversion.h">
      <Filter>標頭檔</Filter>
    </ClInclude>
    <ClInclude Include="..\src\main\vcp\usb_conf.h">
      <Filter>標頭檔</Filter>
    </ClInclude>
    <ClInclude Include="..\src\main\vcp\usb_desc.h">
      <Filter>標頭檔</Filter>
    </ClInclude>
    <ClInclude Include="..\src\main\drivers\usb_io.h">
      <Filter>標頭檔</Filter>
    </ClInclude>
    <ClInclude Include="..\src\main\vcp\usb_istr.h">
      <Filter>標頭檔</Filter>
    </ClInclude>
    <ClInclude Include="..\src\main\vcp\usb_prop.h">
      <Filter>標頭檔</Filter>
    </ClInclude>
    <ClInclude Include="..\src\main\vcp\usb_pwr.h">
      <Filter>標頭檔</Filter>
    </ClInclude>
    <ClInclude Include="..\src\main\common\utils.h">
      <Filter>標頭檔</Filter>
    </ClInclude>
    <ClInclude Include="..\src\main\build\version.h">
      <Filter>標頭檔</Filter>
    </ClInclude>
    <ClInclude Include="..\src\main\drivers\video.h">
      <Filter>標頭檔</Filter>
    </ClInclude>
    <ClInclude Include="..\src\main\drivers\video_textscreen.h">
      <Filter>標頭檔</Filter>
    </ClInclude>
    <ClInclude Include="..\src\main\sensors\voltage.h">
      <Filter>標頭檔</Filter>
    </ClInclude>
    <ClInclude Include="..\src\main\rx\xbus.h">
      <Filter>標頭檔</Filter>
    </ClInclude>
    <ClInclude Include="..\src\main\sensors\acceleration.h">
      <Filter>標頭檔</Filter>
    </ClInclude>
  </ItemGroup>
</Project>