<?xml version="1.0" encoding="utf-8"?>
<Project ToolsVersion="4.0" xmlns="http://schemas.microsoft.com/developer/msbuild/2003">
  <ItemGroup>
    <Filter Include="原始程式檔">
      <UniqueIdentifier>{4FC737F1-C7A5-4376-A066-2A32D752A2FF}</UniqueIdentifier>
      <Extensions>cpp;c;cc;cxx;def;odl;idl;hpj;bat;asm;asmx</Extensions>
    </Filter>
    <Filter Include="標頭檔">
      <UniqueIdentifier>{93995380-89BD-4b04-88EB-625FBE52EBFB}</UniqueIdentifier>
      <Extensions>h;hh;hpp;hxx;hm;inl;inc;xsd</Extensions>
    </Filter>
    <Filter Include="資源檔">
      <UniqueIdentifier>{67DA6AB6-F800-4c08-8B7A-83BB121AAD01}</UniqueIdentifier>
      <Extensions>rc;ico;cur;bmp;dlg;rc2;rct;bin;rgs;gif;jpg;jpeg;jpe;resx;tiff;tif;png;wav;mfcribbon-ms</Extensions>
    </Filter>
  </ItemGroup>
  <ItemGroup>
    <ClInclude Include="sensors\acceleration.h">
      <Filter>標頭檔</Filter>
    </ClInclude>
    <ClInclude Include="drivers\accgyro.h">
      <Filter>標頭檔</Filter>
    </ClInclude>
    <ClInclude Include="drivers\accgyro_mpu.h">
      <Filter>標頭檔</Filter>
    </ClInclude>
    <ClInclude Include="drivers\accgyro_mpu6050.h">
      <Filter>標頭檔</Filter>
    </ClInclude>
    <ClInclude Include="drivers\adc.h">
      <Filter>標頭檔</Filter>
    </ClInclude>
    <ClInclude Include="drivers\adc_impl.h">
      <Filter>標頭檔</Filter>
    </ClInclude>
    <ClInclude Include="flight\altitudehold.h">
      <Filter>標頭檔</Filter>
    </ClInclude>
    <ClInclude Include="sensors\amperage.h">
      <Filter>標頭檔</Filter>
    </ClInclude>
    <ClInclude Include="io\asyncfatfs\asyncfatfs.h">
      <Filter>標頭檔</Filter>
    </ClInclude>
    <ClInclude Include="build\atomic.h">
      <Filter>標頭檔</Filter>
    </ClInclude>
    <ClInclude Include="common\axis.h">
      <Filter>標頭檔</Filter>
    </ClInclude>
    <ClInclude Include="drivers\barometer.h">
      <Filter>標頭檔</Filter>
    </ClInclude>
    <ClInclude Include="sensors\barometer.h">
      <Filter>標頭檔</Filter>
    </ClInclude>
    <ClInclude Include="drivers\barometer_ms5611.h">
      <Filter>標頭檔</Filter>
    </ClInclude>
    <ClInclude Include="sensors\battery.h">
      <Filter>標頭檔</Filter>
    </ClInclude>
    <ClInclude Include="io\beeper.h">
      <Filter>標頭檔</Filter>
    </ClInclude>
    <ClInclude Include="blackbox\blackbox.h">
      <Filter>標頭檔</Filter>
    </ClInclude>
    <ClInclude Include="blackbox\blackbox_fielddefs.h">
      <Filter>標頭檔</Filter>
    </ClInclude>
    <ClInclude Include="blackbox\blackbox_io.h">
      <Filter>標頭檔</Filter>
    </ClInclude>
    <ClInclude Include="sensors\boardalignment.h">
      <Filter>標頭檔</Filter>
    </ClInclude>
    <ClInclude Include="drivers\buf_writer.h">
      <Filter>標頭檔</Filter>
    </ClInclude>
    <ClInclude Include="build\build_config.h">
      <Filter>標頭檔</Filter>
    </ClInclude>
    <ClInclude Include="drivers\bus_i2c.h">
      <Filter>標頭檔</Filter>
    </ClInclude>
    <ClInclude Include="drivers\bus_spi.h">
      <Filter>標頭檔</Filter>
    </ClInclude>
    <ClInclude Include="fc\cleanflight_fc.h">
      <Filter>標頭檔</Filter>
    </ClInclude>
    <ClInclude Include="osd\cleanflight_osd.h">
      <Filter>標頭檔</Filter>
    </ClInclude>
    <ClInclude Include="common\color.h">
      <Filter>標頭檔</Filter>
    </ClInclude>
    <ClInclude Include="common\colorconversion.h">
      <Filter>標頭檔</Filter>
    </ClInclude>
    <ClInclude Include="drivers\compass.h">
      <Filter>標頭檔</Filter>
    </ClInclude>
    <ClInclude Include="sensors\compass.h">
      <Filter>標頭檔</Filter>
    </ClInclude>
    <ClInclude Include="drivers\compass_hmc5883l.h">
      <Filter>標頭檔</Filter>
    </ClInclude>
    <ClInclude Include="fc\config.h">
      <Filter>標頭檔</Filter>
    </ClInclude>
    <ClInclude Include="osd\config.h">
      <Filter>標頭檔</Filter>
    </ClInclude>
    <ClInclude Include="config\config_eeprom.h">
      <Filter>標頭檔</Filter>
    </ClInclude>
    <ClInclude Include="config\config_reset.h">
      <Filter>標頭檔</Filter>
    </ClInclude>
    <ClInclude Include="config\config_streamer.h">
      <Filter>標頭檔</Filter>
    </ClInclude>
    <ClInclude Include="config\config_system.h">
      <Filter>標頭檔</Filter>
    </ClInclude>
    <ClInclude Include="config\config_unittest.h">
      <Filter>標頭檔</Filter>
    </ClInclude>
    <ClInclude Include="common\crc.h">
      <Filter>標頭檔</Filter>
    </ClInclude>
    <ClInclude Include="build\debug.h">
      <Filter>標頭檔</Filter>
    </ClInclude>
    <ClInclude Include="io\display.h">
      <Filter>標頭檔</Filter>
    </ClInclude>
    <ClInclude Include="drivers\dma.h">
      <Filter>標頭檔</Filter>
    </ClInclude>
    <ClInclude Include="common\encoding.h">
      <Filter>標頭檔</Filter>
    </ClInclude>
    <ClInclude Include="drivers\exti.h">
      <Filter>標頭檔</Filter>
    </ClInclude>
    <ClInclude Include="flight\failsafe.h">
      <Filter>標頭檔</Filter>
    </ClInclude>
    <ClInclude Include="io\asyncfatfs\fat_standard.h">
      <Filter>標頭檔</Filter>
    </ClInclude>
    <ClInclude Include="fc\fc_debug.h">
      <Filter>標頭檔</Filter>
    </ClInclude>
    <ClInclude Include="fc\fc_serial.h">
      <Filter>標頭檔</Filter>
    </ClInclude>
    <ClInclude Include="osd\fc_state.h">
      <Filter>標頭檔</Filter>
    </ClInclude>
    <ClInclude Include="fc\fc_tasks.h">
      <Filter>標頭檔</Filter>
    </ClInclude>
    <ClInclude Include="config\feature.h">
      <Filter>標頭檔</Filter>
    </ClInclude>
    <ClInclude Include="common\filter.h">
      <Filter>標頭檔</Filter>
    </ClInclude>
    <ClInclude Include="drivers\flash.h">
      <Filter>標頭檔</Filter>
    </ClInclude>
    <ClInclude Include="drivers\flash_m25p16.h">
      <Filter>標頭檔</Filter>
    </ClInclude>
    <ClInclude Include="io\flashfs.h">
      <Filter>標頭檔</Filter>
    </ClInclude>
    <ClInclude Include="osd\fonts\font.h">
      <Filter>標頭檔</Filter>
    </ClInclude>
    <ClInclude Include="osd\fonts\font_max7456_12x18.h">
      <Filter>標頭檔</Filter>
    </ClInclude>
    <ClInclude Include="telemetry\frsky.h">
      <Filter>標頭檔</Filter>
    </ClInclude>
    <ClInclude Include="io\gimbal.h">
      <Filter>標頭檔</Filter>
    </ClInclude>
    <ClInclude Include="drivers\gpio.h">
      <Filter>標頭檔</Filter>
    </ClInclude>
    <ClInclude Include="io\gps.h">
      <Filter>標頭檔</Filter>
    </ClInclude>
    <ClInclude Include="flight\gps_conversion.h">
      <Filter>標頭檔</Filter>
    </ClInclude>
    <ClInclude Include="flight\gtune.h">
      <Filter>標頭檔</Filter>
    </ClInclude>
    <ClInclude Include="sensors\gyro.h">
      <Filter>標頭檔</Filter>
    </ClInclude>
    <ClInclude Include="drivers\gyro_sync.h">
      <Filter>標頭檔</Filter>
    </ClInclude>
    <ClInclude Include="telemetry\hott.h">
      <Filter>標頭檔</Filter>
    </ClInclude>
    <ClInclude Include="vcp\hw_config.h">
      <Filter>標頭檔</Filter>
    </ClInclude>
    <ClInclude Include="rx\ibus.h">
      <Filter>標頭檔</Filter>
    </ClInclude>
    <ClInclude Include="telemetry\ibus.h">
      <Filter>標頭檔</Filter>
    </ClInclude>
    <ClInclude Include="flight\imu.h">
      <Filter>標頭檔</Filter>
    </ClInclude>
    <ClInclude Include="sensors\initialisation.h">
      <Filter>標頭檔</Filter>
    </ClInclude>
    <ClInclude Include="drivers\inverter.h">
      <Filter>標頭檔</Filter>
    </ClInclude>
    <ClInclude Include="drivers\io.h">
      <Filter>標頭檔</Filter>
    </ClInclude>
    <ClInclude Include="drivers\io_def.h">
      <Filter>標頭檔</Filter>
    </ClInclude>
    <ClInclude Include="drivers\io_def_generated.h">
      <Filter>標頭檔</Filter>
    </ClInclude>
    <ClInclude Include="drivers\io_impl.h">
      <Filter>標頭檔</Filter>
    </ClInclude>
    <ClInclude Include="io\ledstrip.h">
      <Filter>標頭檔</Filter>
    </ClInclude>
    <ClInclude Include="drivers\light_led.h">
      <Filter>標頭檔</Filter>
    </ClInclude>
    <ClInclude Include="drivers\light_ws2811strip.h">
      <Filter>標頭檔</Filter>
    </ClInclude>
    <ClInclude Include="telemetry\ltm.h">
      <Filter>標頭檔</Filter>
    </ClInclude>
    <ClInclude Include="common\maths.h">
      <Filter>標頭檔</Filter>
    </ClInclude>
    <ClInclude Include="telemetry\mavlink.h">
      <Filter>標頭檔</Filter>
    </ClInclude>
    <ClInclude Include="flight\mixer.h">
      <Filter>標頭檔</Filter>
    </ClInclude>
    <ClInclude Include="io\motors.h">
      <Filter>標頭檔</Filter>
    </ClInclude>
    <ClInclude Include="msp\msp.h">
      <Filter>標頭檔</Filter>
    </ClInclude>
    <ClInclude Include="rx\msp.h">
      <Filter>標頭檔</Filter>
    </ClInclude>
    <ClInclude Include="osd\msp_client_osd.h">
      <Filter>標頭檔</Filter>
    </ClInclude>
    <ClInclude Include="msp\msp_protocol.h">
      <Filter>標頭檔</Filter>
    </ClInclude>
    <ClInclude Include="msp\msp_serial.h">
      <Filter>標頭檔</Filter>
    </ClInclude>
    <ClInclude Include="msp\msp_server.h">
      <Filter>標頭檔</Filter>
    </ClInclude>
    <ClInclude Include="fc\msp_server_fc.h">
      <Filter>標頭檔</Filter>
    </ClInclude>
    <ClInclude Include="osd\msp_server_osd.h">
      <Filter>標頭檔</Filter>
    </ClInclude>
    <ClInclude Include="flight\navigation.h">
      <Filter>標頭檔</Filter>
    </ClInclude>
    <ClInclude Include="drivers\nvic.h">
      <Filter>標頭檔</Filter>
    </ClInclude>
    <ClInclude Include="osd\osd.h">
      <Filter>標頭檔</Filter>
    </ClInclude>
    <ClInclude Include="osd\osd_element.h">
      <Filter>標頭檔</Filter>
    </ClInclude>
    <ClInclude Include="osd\osd_element_render.h">
      <Filter>標頭檔</Filter>
    </ClInclude>
    <ClInclude Include="osd\osd_screen.h">
      <Filter>標頭檔</Filter>
    </ClInclude>
    <ClInclude Include="osd\osd_serial.h">
      <Filter>標頭檔</Filter>
    </ClInclude>
    <ClInclude Include="osd\osd_tasks.h">
      <Filter>標頭檔</Filter>
    </ClInclude>
    <ClInclude Include="config\parameter_group.h">
      <Filter>標頭檔</Filter>
    </ClInclude>
    <ClInclude Include="config\parameter_group_ids.h">
      <Filter>標頭檔</Filter>
    </ClInclude>
    <ClInclude Include="flight\pid.h">
      <Filter>標頭檔</Filter>
    </ClInclude>
    <ClInclude Include="common\pilot.h">
      <Filter>標頭檔</Filter>
    </ClInclude>
    <ClInclude Include="platform.h">
      <Filter>標頭檔</Filter>
    </ClInclude>
    <ClInclude Include="vcp\platform_config.h">
      <Filter>標頭檔</Filter>
    </ClInclude>
    <ClInclude Include="common\printf.h">
      <Filter>標頭檔</Filter>
    </ClInclude>
    <ClInclude Include="config\profile.h">
      <Filter>標頭檔</Filter>
    </ClInclude>
    <ClInclude Include="rx\pwm.h">
      <Filter>標頭檔</Filter>
    </ClInclude>
    <ClInclude Include="drivers\pwm_mapping.h">
      <Filter>標頭檔</Filter>
    </ClInclude>
    <ClInclude Include="drivers\pwm_output.h">
      <Filter>標頭檔</Filter>
    </ClInclude>
    <ClInclude Include="drivers\pwm_rx.h">
      <Filter>標頭檔</Filter>
    </ClInclude>
    <ClInclude Include="fc\rate_profile.h">
      <Filter>標頭檔</Filter>
    </ClInclude>
    <ClInclude Include="fc\rc_adjustments.h">
      <Filter>標頭檔</Filter>
    </ClInclude>
    <ClInclude Include="fc\rc_controls.h">
      <Filter>標頭檔</Filter>
    </ClInclude>
    <ClInclude Include="fc\rc_curves.h">
      <Filter>標頭檔</Filter>
    </ClInclude>
    <ClInclude Include="drivers\rcc.h">
      <Filter>標頭檔</Filter>
    </ClInclude>
    <ClInclude Include="drivers\resource.h">
      <Filter>標頭檔</Filter>
    </ClInclude>
    <ClInclude Include="fc\runtime_config.h">
      <Filter>標頭檔</Filter>
    </ClInclude>
    <ClInclude Include="rx\rx.h">
      <Filter>標頭檔</Filter>
    </ClInclude>
    <ClInclude Include="rx\sbus.h">
      <Filter>標頭檔</Filter>
    </ClInclude>
    <ClInclude Include="scheduler\scheduler.h">
      <Filter>標頭檔</Filter>
    </ClInclude>
    <ClInclude Include="drivers\sdcard.h">
      <Filter>標頭檔</Filter>
    </ClInclude>
    <ClInclude Include="drivers\sdcard_standard.h">
      <Filter>標頭檔</Filter>
    </ClInclude>
    <ClInclude Include="drivers\sensor.h">
      <Filter>標頭檔</Filter>
    </ClInclude>
    <ClInclude Include="sensors\sensors.h">
      <Filter>標頭檔</Filter>
    </ClInclude>
    <ClInclude Include="drivers\serial.h">
      <Filter>標頭檔</Filter>
    </ClInclude>
    <ClInclude Include="io\serial.h">
      <Filter>標頭檔</Filter>
    </ClInclude>
    <ClInclude Include="io\serial_4way.h">
      <Filter>標頭檔</Filter>
    </ClInclude>
    <ClInclude Include="io\serial_4way_avrootloader.h">
      <Filter>標頭檔</Filter>
    </ClInclude>
    <ClInclude Include="io\serial_4way_impl.h">
      <Filter>標頭檔</Filter>
    </ClInclude>
    <ClInclude Include="io\serial_4way_stk500v2.h">
      <Filter>標頭檔</Filter>
    </ClInclude>
    <ClInclude Include="io\serial_cli.h">
      <Filter>標頭檔</Filter>
    </ClInclude>
    <ClInclude Include="drivers\serial_softserial.h">
      <Filter>標頭檔</Filter>
    </ClInclude>
    <ClInclude Include="drivers\serial_uart.h">
      <Filter>標頭檔</Filter>
    </ClInclude>
    <ClInclude Include="drivers\serial_uart_impl.h">
      <Filter>標頭檔</Filter>
    </ClInclude>
    <ClInclude Include="drivers\serial_uart_stm32f30x.h">
      <Filter>標頭檔</Filter>
    </ClInclude>
    <ClInclude Include="drivers\serial_usb_vcp.h">
      <Filter>標頭檔</Filter>
    </ClInclude>
    <ClInclude Include="flight\servos.h">
      <Filter>標頭檔</Filter>
    </ClInclude>
    <ClInclude Include="io\servos.h">
      <Filter>標頭檔</Filter>
    </ClInclude>
    <ClInclude Include="telemetry\smartport.h">
      <Filter>標頭檔</Filter>
    </ClInclude>
    <ClInclude Include="sensors\sonar.h">
      <Filter>標頭檔</Filter>
    </ClInclude>
    <ClInclude Include="drivers\sound_beeper.h">
      <Filter>標頭檔</Filter>
    </ClInclude>
    <ClInclude Include="rx\spektrum.h">
      <Filter>標頭檔</Filter>
    </ClInclude>
    <ClInclude Include="rx\srxl.h">
      <Filter>標頭檔</Filter>
    </ClInclude>
    <ClInclude Include="io\statusindicator.h">
      <Filter>標頭檔</Filter>
    </ClInclude>
    <ClInclude Include="vcp\stm32_it.h">
      <Filter>標頭檔</Filter>
    </ClInclude>
    <ClInclude Include="common\streambuf.h">
      <Filter>標頭檔</Filter>
    </ClInclude>
    <ClInclude Include="rx\sumd.h">
      <Filter>標頭檔</Filter>
    </ClInclude>
    <ClInclude Include="rx\sumh.h">
      <Filter>標頭檔</Filter>
    </ClInclude>
    <ClInclude Include="drivers\system.h">
      <Filter>標頭檔</Filter>
    </ClInclude>
    <ClInclude Include="target\system_stm32f30x.h">
      <Filter>標頭檔</Filter>
    </ClInclude>
    <ClInclude Include="target\SPRACINGF3\target.h">
      <Filter>標頭檔</Filter>
    </ClInclude>
    <ClInclude Include="telemetry\telemetry.h">
      <Filter>標頭檔</Filter>
    </ClInclude>
    <ClInclude Include="common\time.h">
      <Filter>標頭檔</Filter>
    </ClInclude>
    <ClInclude Include="drivers\timer.h">
      <Filter>標頭檔</Filter>
    </ClInclude>
    <ClInclude Include="drivers\timer_impl.h">
      <Filter>標頭檔</Filter>
    </ClInclude>
    <ClInclude Include="drivers\timer_stm32f30x.h">
      <Filter>標頭檔</Filter>
    </ClInclude>
    <ClInclude Include="drivers\transponder_ir.h">
      <Filter>標頭檔</Filter>
    </ClInclude>
    <ClInclude Include="io\transponder_ir.h">
      <Filter>標頭檔</Filter>
    </ClInclude>
    <ClInclude Include="common\typeconversion.h">
      <Filter>標頭檔</Filter>
    </ClInclude>
    <ClInclude Include="vcp\usb_conf.h">
      <Filter>標頭檔</Filter>
    </ClInclude>
    <ClInclude Include="vcp\usb_desc.h">
      <Filter>標頭檔</Filter>
    </ClInclude>
    <ClInclude Include="drivers\usb_io.h">
      <Filter>標頭檔</Filter>
    </ClInclude>
    <ClInclude Include="vcp\usb_istr.h">
      <Filter>標頭檔</Filter>
    </ClInclude>
    <ClInclude Include="vcp\usb_prop.h">
      <Filter>標頭檔</Filter>
    </ClInclude>
    <ClInclude Include="vcp\usb_pwr.h">
      <Filter>標頭檔</Filter>
    </ClInclude>
    <ClInclude Include="common\utils.h">
      <Filter>標頭檔</Filter>
    </ClInclude>
    <ClInclude Include="build\version.h">
      <Filter>標頭檔</Filter>
    </ClInclude>
    <ClInclude Include="drivers\video.h">
      <Filter>標頭檔</Filter>
    </ClInclude>
    <ClInclude Include="drivers\video_textscreen.h">
      <Filter>標頭檔</Filter>
    </ClInclude>
    <ClInclude Include="sensors\voltage.h">
      <Filter>標頭檔</Filter>
    </ClInclude>
    <ClInclude Include="rx\xbus.h">
      <Filter>標頭檔</Filter>
    </ClInclude>
  </ItemGroup>
  <ItemGroup>
    <ClCompile Include="sensors\acceleration.c">
      <Filter>原始程式檔</Filter>
    </ClCompile>
    <ClCompile Include="drivers\accgyro_mpu.c">
      <Filter>原始程式檔</Filter>
    </ClCompile>
    <ClCompile Include="drivers\accgyro_mpu6050.c">
      <Filter>原始程式檔</Filter>
    </ClCompile>
    <ClCompile Include="drivers\adc.c">
      <Filter>原始程式檔</Filter>
    </ClCompile>
    <ClCompile Include="drivers\adc_stm32f30x.c">
      <Filter>原始程式檔</Filter>
    </ClCompile>
    <ClCompile Include="flight\altitudehold.c">
      <Filter>原始程式檔</Filter>
    </ClCompile>
    <ClCompile Include="sensors\amperage.c">
      <Filter>原始程式檔</Filter>
    </ClCompile>
    <ClCompile Include="io\asyncfatfs\asyncfatfs.c">
      <Filter>原始程式檔</Filter>
    </ClCompile>
    <ClCompile Include="sensors\barometer.c">
      <Filter>原始程式檔</Filter>
    </ClCompile>
    <ClCompile Include="drivers\barometer_ms5611.c">
      <Filter>原始程式檔</Filter>
    </ClCompile>
    <ClCompile Include="sensors\battery.c">
      <Filter>原始程式檔</Filter>
    </ClCompile>
    <ClCompile Include="io\beeper.c">
      <Filter>原始程式檔</Filter>
    </ClCompile>
    <ClCompile Include="blackbox\blackbox.c">
      <Filter>原始程式檔</Filter>
    </ClCompile>
    <ClCompile Include="blackbox\blackbox_io.c">
      <Filter>原始程式檔</Filter>
    </ClCompile>
    <ClCompile Include="sensors\boardalignment.c">
      <Filter>原始程式檔</Filter>
    </ClCompile>
    <ClCompile Include="fc\boot.c">
      <Filter>原始程式檔</Filter>
    </ClCompile>
    <ClCompile Include="osd\boot.c">
      <Filter>原始程式檔</Filter>
    </ClCompile>
    <ClCompile Include="drivers\buf_writer.c">
      <Filter>原始程式檔</Filter>
    </ClCompile>
    <ClCompile Include="build\build_config.c">
      <Filter>原始程式檔</Filter>
    </ClCompile>
    <ClCompile Include="drivers\bus_i2c_soft.c">
      <Filter>原始程式檔</Filter>
    </ClCompile>
    <ClCompile Include="drivers\bus_i2c_stm32f30x.c">
      <Filter>原始程式檔</Filter>
    </ClCompile>
    <ClCompile Include="drivers\bus_spi.c">
      <Filter>原始程式檔</Filter>
    </ClCompile>
    <ClCompile Include="fc\cleanflight_fc.c">
      <Filter>原始程式檔</Filter>
    </ClCompile>
    <ClCompile Include="osd\cleanflight_osd.c">
      <Filter>原始程式檔</Filter>
    </ClCompile>
    <ClCompile Include="common\colorconversion.c">
      <Filter>原始程式檔</Filter>
    </ClCompile>
    <ClCompile Include="sensors\compass.c">
      <Filter>原始程式檔</Filter>
    </ClCompile>
    <ClCompile Include="drivers\compass_hmc5883l.c">
      <Filter>原始程式檔</Filter>
    </ClCompile>
    <ClCompile Include="fc\config.c">
      <Filter>原始程式檔</Filter>
    </ClCompile>
    <ClCompile Include="osd\config.c">
      <Filter>原始程式檔</Filter>
    </ClCompile>
    <ClCompile Include="config\config_eeprom.c">
      <Filter>原始程式檔</Filter>
    </ClCompile>
    <ClCompile Include="config\config_streamer.c">
      <Filter>原始程式檔</Filter>
    </ClCompile>
    <ClCompile Include="common\crc.c">
      <Filter>原始程式檔</Filter>
    </ClCompile>
    <ClCompile Include="build\debug.c">
      <Filter>原始程式檔</Filter>
    </ClCompile>
    <ClCompile Include="io\display.c">
      <Filter>原始程式檔</Filter>
    </ClCompile>
    <ClCompile Include="drivers\dma.c">
      <Filter>原始程式檔</Filter>
    </ClCompile>
    <ClCompile Include="common\encoding.c">
      <Filter>原始程式檔</Filter>
    </ClCompile>
    <ClCompile Include="drivers\exti.c">
      <Filter>原始程式檔</Filter>
    </ClCompile>
    <ClCompile Include="flight\failsafe.c">
      <Filter>原始程式檔</Filter>
    </ClCompile>
    <ClCompile Include="io\asyncfatfs\fat_standard.c">
      <Filter>原始程式檔</Filter>
    </ClCompile>
    <ClCompile Include="fc\fc_debug.c">
      <Filter>原始程式檔</Filter>
    </ClCompile>
    <ClCompile Include="fc\fc_serial.c">
      <Filter>原始程式檔</Filter>
    </ClCompile>
    <ClCompile Include="osd\fc_state.c">
      <Filter>原始程式檔</Filter>
    </ClCompile>
    <ClCompile Include="fc\fc_tasks.c">
      <Filter>原始程式檔</Filter>
    </ClCompile>
    <ClCompile Include="config\feature.c">
      <Filter>原始程式檔</Filter>
    </ClCompile>
    <ClCompile Include="common\filter.c">
      <Filter>原始程式檔</Filter>
    </ClCompile>
    <ClCompile Include="drivers\flash_m25p16.c">
      <Filter>原始程式檔</Filter>
    </ClCompile>
    <ClCompile Include="io\flashfs.c">
      <Filter>原始程式檔</Filter>
    </ClCompile>
    <ClCompile Include="osd\fonts\font_max7456_12x18.c">
      <Filter>原始程式檔</Filter>
    </ClCompile>
    <ClCompile Include="telemetry\frsky.c">
      <Filter>原始程式檔</Filter>
    </ClCompile>
    <ClCompile Include="io\gimbal.c">
      <Filter>原始程式檔</Filter>
    </ClCompile>
    <ClCompile Include="drivers\gpio_stm32f30x.c">
      <Filter>原始程式檔</Filter>
    </ClCompile>
    <ClCompile Include="io\gps.c">
      <Filter>原始程式檔</Filter>
    </ClCompile>
    <ClCompile Include="flight\gps_conversion.c">
      <Filter>原始程式檔</Filter>
    </ClCompile>
    <ClCompile Include="flight\gtune.c">
      <Filter>原始程式檔</Filter>
    </ClCompile>
    <ClCompile Include="sensors\gyro.c">
      <Filter>原始程式檔</Filter>
    </ClCompile>
    <ClCompile Include="drivers\gyro_sync.c">
      <Filter>原始程式檔</Filter>
    </ClCompile>
    <ClCompile Include="telemetry\hott.c">
      <Filter>原始程式檔</Filter>
    </ClCompile>
    <ClCompile Include="vcp\hw_config.c">
      <Filter>原始程式檔</Filter>
    </ClCompile>
    <ClCompile Include="rx\ibus.c">
      <Filter>原始程式檔</Filter>
    </ClCompile>
    <ClCompile Include="telemetry\ibus.c">
      <Filter>原始程式檔</Filter>
    </ClCompile>
    <ClCompile Include="flight\imu.c">
      <Filter>原始程式檔</Filter>
    </ClCompile>
    <ClCompile Include="sensors\initialisation.c">
      <Filter>原始程式檔</Filter>
    </ClCompile>
    <ClCompile Include="drivers\inverter.c">
      <Filter>原始程式檔</Filter>
    </ClCompile>
    <ClCompile Include="drivers\io.c">
      <Filter>原始程式檔</Filter>
    </ClCompile>
    <ClCompile Include="io\ledstrip.c">
      <Filter>原始程式檔</Filter>
    </ClCompile>
    <ClCompile Include="drivers\light_led_stm32f30x.c">
      <Filter>原始程式檔</Filter>
    </ClCompile>
    <ClCompile Include="drivers\light_ws2811strip.c">
      <Filter>原始程式檔</Filter>
    </ClCompile>
    <ClCompile Include="drivers\light_ws2811strip_stm32f30x.c">
      <Filter>原始程式檔</Filter>
    </ClCompile>
    <ClCompile Include="telemetry\ltm.c">
      <Filter>原始程式檔</Filter>
    </ClCompile>
    <ClCompile Include="common\maths.c">
      <Filter>原始程式檔</Filter>
    </ClCompile>
    <ClCompile Include="telemetry\mavlink.c">
      <Filter>原始程式檔</Filter>
    </ClCompile>
    <ClCompile Include="flight\mixer.c">
      <Filter>原始程式檔</Filter>
    </ClCompile>
    <ClCompile Include="io\motors.c">
      <Filter>原始程式檔</Filter>
    </ClCompile>
    <ClCompile Include="msp\msp.c">
      <Filter>原始程式檔</Filter>
    </ClCompile>
    <ClCompile Include="rx\msp.c">
      <Filter>原始程式檔</Filter>
    </ClCompile>
    <ClCompile Include="osd\msp_client_osd.c">
      <Filter>原始程式檔</Filter>
    </ClCompile>
    <ClCompile Include="msp\msp_serial.c">
      <Filter>原始程式檔</Filter>
    </ClCompile>
    <ClCompile Include="msp\msp_server.c">
      <Filter>原始程式檔</Filter>
    </ClCompile>
    <ClCompile Include="fc\msp_server_fc.c">
      <Filter>原始程式檔</Filter>
    </ClCompile>
    <ClCompile Include="osd\msp_server_osd.c">
      <Filter>原始程式檔</Filter>
    </ClCompile>
    <ClCompile Include="flight\navigation.c">
      <Filter>原始程式檔</Filter>
    </ClCompile>
    <ClCompile Include="osd\osd.c">
      <Filter>原始程式檔</Filter>
    </ClCompile>
    <ClCompile Include="osd\osd_element.c">
      <Filter>原始程式檔</Filter>
    </ClCompile>
    <ClCompile Include="osd\osd_element_render.c">
      <Filter>原始程式檔</Filter>
    </ClCompile>
    <ClCompile Include="osd\osd_max7456.c">
      <Filter>原始程式檔</Filter>
    </ClCompile>
    <ClCompile Include="osd\osd_screen.c">
      <Filter>原始程式檔</Filter>
    </ClCompile>
    <ClCompile Include="osd\osd_serial.c">
      <Filter>原始程式檔</Filter>
    </ClCompile>
    <ClCompile Include="osd\osd_tasks.c">
      <Filter>原始程式檔</Filter>
    </ClCompile>
    <ClCompile Include="config\parameter_group.c">
      <Filter>原始程式檔</Filter>
    </ClCompile>
    <ClCompile Include="flight\pid.c">
      <Filter>原始程式檔</Filter>
    </ClCompile>
    <ClCompile Include="flight\pid_luxfloat.c">
      <Filter>原始程式檔</Filter>
    </ClCompile>
    <ClCompile Include="flight\pid_mw23.c">
      <Filter>原始程式檔</Filter>
    </ClCompile>
    <ClCompile Include="flight\pid_mwrewrite.c">
      <Filter>原始程式檔</Filter>
    </ClCompile>
    <ClCompile Include="common\pilot.c">
      <Filter>原始程式檔</Filter>
    </ClCompile>
    <ClCompile Include="common\printf.c">
      <Filter>原始程式檔</Filter>
    </ClCompile>
    <ClCompile Include="config\profile.c">
      <Filter>原始程式檔</Filter>
    </ClCompile>
    <ClCompile Include="rx\pwm.c">
      <Filter>原始程式檔</Filter>
    </ClCompile>
    <ClCompile Include="drivers\pwm_mapping.c">
      <Filter>原始程式檔</Filter>
    </ClCompile>
    <ClCompile Include="drivers\pwm_output.c">
      <Filter>原始程式檔</Filter>
    </ClCompile>
    <ClCompile Include="drivers\pwm_rx.c">
      <Filter>原始程式檔</Filter>
    </ClCompile>
    <ClCompile Include="fc\rate_profile.c">
      <Filter>原始程式檔</Filter>
    </ClCompile>
    <ClCompile Include="fc\rc_adjustments.c">
      <Filter>原始程式檔</Filter>
    </ClCompile>
    <ClCompile Include="fc\rc_controls.c">
      <Filter>原始程式檔</Filter>
    </ClCompile>
    <ClCompile Include="fc\rc_curves.c">
      <Filter>原始程式檔</Filter>
    </ClCompile>
    <ClCompile Include="drivers\rcc.c">
      <Filter>原始程式檔</Filter>
    </ClCompile>
    <ClCompile Include="fc\runtime_config.c">
      <Filter>原始程式檔</Filter>
    </ClCompile>
    <ClCompile Include="rx\rx.c">
      <Filter>原始程式檔</Filter>
    </ClCompile>
    <ClCompile Include="rx\sbus.c">
      <Filter>原始程式檔</Filter>
    </ClCompile>
    <ClCompile Include="scheduler\scheduler.c">
      <Filter>原始程式檔</Filter>
    </ClCompile>
    <ClCompile Include="drivers\sdcard.c">
      <Filter>原始程式檔</Filter>
    </ClCompile>
    <ClCompile Include="drivers\sdcard_standard.c">
      <Filter>原始程式檔</Filter>
    </ClCompile>
    <ClCompile Include="sensors\sensors.c">
      <Filter>原始程式檔</Filter>
    </ClCompile>
    <ClCompile Include="drivers\serial.c">
      <Filter>原始程式檔</Filter>
    </ClCompile>
    <ClCompile Include="io\serial.c">
      <Filter>原始程式檔</Filter>
    </ClCompile>
    <ClCompile Include="io\serial_4way.c">
      <Filter>原始程式檔</Filter>
    </ClCompile>
    <ClCompile Include="io\serial_4way_avrootloader.c">
      <Filter>原始程式檔</Filter>
    </ClCompile>
    <ClCompile Include="io\serial_4way_stk500v2.c">
      <Filter>原始程式檔</Filter>
    </ClCompile>
    <ClCompile Include="io\serial_cli.c">
      <Filter>原始程式檔</Filter>
    </ClCompile>
    <ClCompile Include="drivers\serial_softserial.c">
      <Filter>原始程式檔</Filter>
    </ClCompile>
    <ClCompile Include="drivers\serial_uart.c">
      <Filter>原始程式檔</Filter>
    </ClCompile>
    <ClCompile Include="drivers\serial_uart_stm32f30x.c">
      <Filter>原始程式檔</Filter>
    </ClCompile>
    <ClCompile Include="drivers\serial_usb_vcp.c">
      <Filter>原始程式檔</Filter>
    </ClCompile>
    <ClCompile Include="flight\servos.c">
      <Filter>原始程式檔</Filter>
    </ClCompile>
    <ClCompile Include="io\servos.c">
      <Filter>原始程式檔</Filter>
    </ClCompile>
    <ClCompile Include="telemetry\smartport.c">
      <Filter>原始程式檔</Filter>
    </ClCompile>
    <ClCompile Include="sensors\sonar.c">
      <Filter>原始程式檔</Filter>
    </ClCompile>
    <ClCompile Include="drivers\sound_beeper.c">
      <Filter>原始程式檔</Filter>
    </ClCompile>
    <ClCompile Include="drivers\sound_beeper_stm32f30x.c">
      <Filter>原始程式檔</Filter>
    </ClCompile>
    <ClCompile Include="rx\spektrum.c">
      <Filter>原始程式檔</Filter>
    </ClCompile>
    <ClCompile Include="rx\srxl.c">
      <Filter>原始程式檔</Filter>
    </ClCompile>
    <ClCompile Include="io\statusindicator.c">
      <Filter>原始程式檔</Filter>
    </ClCompile>
    <ClCompile Include="vcp\stm32_it.c">
      <Filter>原始程式檔</Filter>
    </ClCompile>
    <ClCompile Include="common\streambuf.c">
      <Filter>原始程式檔</Filter>
    </ClCompile>
    <ClCompile Include="rx\sumd.c">
      <Filter>原始程式檔</Filter>
    </ClCompile>
    <ClCompile Include="rx\sumh.c">
      <Filter>原始程式檔</Filter>
    </ClCompile>
    <ClCompile Include="drivers\system.c">
      <Filter>原始程式檔</Filter>
    </ClCompile>
    <ClCompile Include="drivers\system_stm32f30x.c">
      <Filter>原始程式檔</Filter>
    </ClCompile>
    <ClCompile Include="target\system_stm32f30x.c">
      <Filter>原始程式檔</Filter>
    </ClCompile>
    <ClCompile Include="telemetry\telemetry.c">
      <Filter>原始程式檔</Filter>
    </ClCompile>
    <ClCompile Include="drivers\timer.c">
      <Filter>原始程式檔</Filter>
    </ClCompile>
    <ClCompile Include="drivers\timer_stm32f30x.c">
      <Filter>原始程式檔</Filter>
    </ClCompile>
    <ClCompile Include="drivers\transponder_ir.c">
      <Filter>原始程式檔</Filter>
    </ClCompile>
    <ClCompile Include="io\transponder_ir.c">
      <Filter>原始程式檔</Filter>
    </ClCompile>
    <ClCompile Include="drivers\transponder_ir_stm32f30x.c">
      <Filter>原始程式檔</Filter>
    </ClCompile>
    <ClCompile Include="common\typeconversion.c">
      <Filter>原始程式檔</Filter>
    </ClCompile>
    <ClCompile Include="vcp\usb_desc.c">
      <Filter>原始程式檔</Filter>
    </ClCompile>
    <ClCompile Include="vcp\usb_endp.c">
      <Filter>原始程式檔</Filter>
    </ClCompile>
    <ClCompile Include="drivers\usb_io.c">
      <Filter>原始程式檔</Filter>
    </ClCompile>
    <ClCompile Include="vcp\usb_istr.c">
      <Filter>原始程式檔</Filter>
    </ClCompile>
    <ClCompile Include="vcp\usb_prop.c">
      <Filter>原始程式檔</Filter>
    </ClCompile>
    <ClCompile Include="vcp\usb_pwr.c">
      <Filter>原始程式檔</Filter>
    </ClCompile>
    <ClCompile Include="build\version.c">
      <Filter>原始程式檔</Filter>
    </ClCompile>
    <ClCompile Include="sensors\voltage.c">
      <Filter>原始程式檔</Filter>
    </ClCompile>
    <ClCompile Include="rx\xbus.c">
      <Filter>原始程式檔</Filter>
    </ClCompile>
  </ItemGroup>
</Project>